// !$*UTF8*$!
{
	archiveVersion = 1;
	classes = {
	};
	objectVersion = 51;
	objects = {

/* Begin PBXBuildFile section */
		128CEF9D9D9BFD904ABABD1A /* Pods_NormsHelpingHands.framework in Frameworks */ = {isa = PBXBuildFile; fileRef = D678D79D01A2B3333BEBD7A8 /* Pods_NormsHelpingHands.framework */; };
		87C7E279244AB5BE00CD48EB /* LeaderBoardViewController.swift in Sources */ = {isa = PBXBuildFile; fileRef = 87C7E278244AB5BE00CD48EB /* LeaderBoardViewController.swift */; };
		87DC310823EC6A49005A4138 /* Main.storyboard in Resources */ = {isa = PBXBuildFile; fileRef = 87DC310623EC6A49005A4138 /* Main.storyboard */; };
		87DC310A23EC6A4C005A4138 /* Assets.xcassets in Resources */ = {isa = PBXBuildFile; fileRef = 87DC310923EC6A4C005A4138 /* Assets.xcassets */; };
		87DC310D23EC6A4C005A4138 /* LaunchScreen.storyboard in Resources */ = {isa = PBXBuildFile; fileRef = 87DC310B23EC6A4C005A4138 /* LaunchScreen.storyboard */; };
		99B38BCA2436906E00C96AEF /* SignUpViewController.swift in Sources */ = {isa = PBXBuildFile; fileRef = 996A8B1824359C9200F5E343 /* SignUpViewController.swift */; };
		99B38BCB2436906E00C96AEF /* SignInViewController.swift in Sources */ = {isa = PBXBuildFile; fileRef = 996A8B1624359C9200F5E343 /* SignInViewController.swift */; };
		99B38BCC2436906E00C96AEF /* ExploreViewController.swift in Sources */ = {isa = PBXBuildFile; fileRef = 996A8B1024359C9100F5E343 /* ExploreViewController.swift */; };
		99B38BCD2436906E00C96AEF /* CreateEventViewController.swift in Sources */ = {isa = PBXBuildFile; fileRef = 996A8B1124359C9200F5E343 /* CreateEventViewController.swift */; };
		99B38BCE2436906E00C96AEF /* ProfileViewController.swift in Sources */ = {isa = PBXBuildFile; fileRef = 996A8B1424359C9200F5E343 /* ProfileViewController.swift */; };
		99B38BCF2436906E00C96AEF /* MainTabBarController.swift in Sources */ = {isa = PBXBuildFile; fileRef = 996A8B0F24359C9100F5E343 /* MainTabBarController.swift */; };
		99B38BD02436906E00C96AEF /* PostPageViewController.swift in Sources */ = {isa = PBXBuildFile; fileRef = 996A8B0E24359C9100F5E343 /* PostPageViewController.swift */; };
		99B38BD12436906E00C96AEF /* EventListViewController.swift in Sources */ = {isa = PBXBuildFile; fileRef = 996A8B0D24359C9100F5E343 /* EventListViewController.swift */; };
		99B38BD22436906E00C96AEF /* EventViewCell.swift in Sources */ = {isa = PBXBuildFile; fileRef = 996A8B1224359C9200F5E343 /* EventViewCell.swift */; };
		99B38BD32436906E00C96AEF /* UserModel.swift in Sources */ = {isa = PBXBuildFile; fileRef = 996A8B1724359C9200F5E343 /* UserModel.swift */; };
		99B38BD42436906E00C96AEF /* MyEventsViewController.swift in Sources */ = {isa = PBXBuildFile; fileRef = 996A8B1524359C9200F5E343 /* MyEventsViewController.swift */; };
		99B38BD52436906E00C96AEF /* JoinedEventsViewController.swift in Sources */ = {isa = PBXBuildFile; fileRef = 996A8B1324359C9200F5E343 /* JoinedEventsViewController.swift */; };
		99B38BD62436907600C96AEF /* AppDelegate.swift in Sources */ = {isa = PBXBuildFile; fileRef = 87DC310023EC6A49005A4138 /* AppDelegate.swift */; };
		99B38BD72436907600C96AEF /* SceneDelegate.swift in Sources */ = {isa = PBXBuildFile; fileRef = 87DC310223EC6A49005A4138 /* SceneDelegate.swift */; };
		99B38BD82436907600C96AEF /* ViewController.swift in Sources */ = {isa = PBXBuildFile; fileRef = 87DC310423EC6A49005A4138 /* ViewController.swift */; };
		99B38BE52436A40D00C96AEF /* GoogleService-Info.plist in Resources */ = {isa = PBXBuildFile; fileRef = 99B38BE42436A40D00C96AEF /* GoogleService-Info.plist */; };
/* End PBXBuildFile section */

/* Begin PBXFileReference section */
		6E99C9C409C882B8DC96223D /* Pods-NormsHelpingHands.debug.xcconfig */ = {isa = PBXFileReference; includeInIndex = 1; lastKnownFileType = text.xcconfig; name = "Pods-NormsHelpingHands.debug.xcconfig"; path = "Target Support Files/Pods-NormsHelpingHands/Pods-NormsHelpingHands.debug.xcconfig"; sourceTree = "<group>"; };
		87C7E278244AB5BE00CD48EB /* LeaderBoardViewController.swift */ = {isa = PBXFileReference; lastKnownFileType = sourcecode.swift; path = LeaderBoardViewController.swift; sourceTree = "<group>"; };
		87DC30FD23EC6A49005A4138 /* NormsHelpingHands.app */ = {isa = PBXFileReference; explicitFileType = wrapper.application; includeInIndex = 0; path = NormsHelpingHands.app; sourceTree = BUILT_PRODUCTS_DIR; };
		87DC310023EC6A49005A4138 /* AppDelegate.swift */ = {isa = PBXFileReference; lastKnownFileType = sourcecode.swift; path = AppDelegate.swift; sourceTree = "<group>"; };
		87DC310223EC6A49005A4138 /* SceneDelegate.swift */ = {isa = PBXFileReference; lastKnownFileType = sourcecode.swift; path = SceneDelegate.swift; sourceTree = "<group>"; };
		87DC310423EC6A49005A4138 /* ViewController.swift */ = {isa = PBXFileReference; lastKnownFileType = sourcecode.swift; path = ViewController.swift; sourceTree = "<group>"; };
		87DC310723EC6A49005A4138 /* Base */ = {isa = PBXFileReference; lastKnownFileType = file.storyboard; name = Base; path = Base.lproj/Main.storyboard; sourceTree = "<group>"; };
		87DC310923EC6A4C005A4138 /* Assets.xcassets */ = {isa = PBXFileReference; lastKnownFileType = folder.assetcatalog; path = Assets.xcassets; sourceTree = "<group>"; };
		87DC310C23EC6A4C005A4138 /* Base */ = {isa = PBXFileReference; lastKnownFileType = file.storyboard; name = Base; path = Base.lproj/LaunchScreen.storyboard; sourceTree = "<group>"; };
		995B72D12436BA5D00B7814C /* Info.plist */ = {isa = PBXFileReference; fileEncoding = 4; lastKnownFileType = text.plist.xml; path = Info.plist; sourceTree = "<group>"; };
		996A8B0D24359C9100F5E343 /* EventListViewController.swift */ = {isa = PBXFileReference; fileEncoding = 4; lastKnownFileType = sourcecode.swift; path = EventListViewController.swift; sourceTree = "<group>"; };
		996A8B0E24359C9100F5E343 /* PostPageViewController.swift */ = {isa = PBXFileReference; fileEncoding = 4; lastKnownFileType = sourcecode.swift; path = PostPageViewController.swift; sourceTree = "<group>"; };
		996A8B0F24359C9100F5E343 /* MainTabBarController.swift */ = {isa = PBXFileReference; fileEncoding = 4; lastKnownFileType = sourcecode.swift; path = MainTabBarController.swift; sourceTree = "<group>"; };
		996A8B1024359C9100F5E343 /* ExploreViewController.swift */ = {isa = PBXFileReference; fileEncoding = 4; lastKnownFileType = sourcecode.swift; path = ExploreViewController.swift; sourceTree = "<group>"; };
		996A8B1124359C9200F5E343 /* CreateEventViewController.swift */ = {isa = PBXFileReference; fileEncoding = 4; lastKnownFileType = sourcecode.swift; path = CreateEventViewController.swift; sourceTree = "<group>"; };
		996A8B1224359C9200F5E343 /* EventViewCell.swift */ = {isa = PBXFileReference; fileEncoding = 4; lastKnownFileType = sourcecode.swift; path = EventViewCell.swift; sourceTree = "<group>"; };
		996A8B1324359C9200F5E343 /* JoinedEventsViewController.swift */ = {isa = PBXFileReference; fileEncoding = 4; lastKnownFileType = sourcecode.swift; path = JoinedEventsViewController.swift; sourceTree = "<group>"; };
		996A8B1424359C9200F5E343 /* ProfileViewController.swift */ = {isa = PBXFileReference; fileEncoding = 4; lastKnownFileType = sourcecode.swift; path = ProfileViewController.swift; sourceTree = "<group>"; };
		996A8B1524359C9200F5E343 /* MyEventsViewController.swift */ = {isa = PBXFileReference; fileEncoding = 4; lastKnownFileType = sourcecode.swift; path = MyEventsViewController.swift; sourceTree = "<group>"; };
		996A8B1624359C9200F5E343 /* SignInViewController.swift */ = {isa = PBXFileReference; fileEncoding = 4; lastKnownFileType = sourcecode.swift; path = SignInViewController.swift; sourceTree = "<group>"; };
		996A8B1724359C9200F5E343 /* UserModel.swift */ = {isa = PBXFileReference; fileEncoding = 4; lastKnownFileType = sourcecode.swift; path = UserModel.swift; sourceTree = "<group>"; };
		996A8B1824359C9200F5E343 /* SignUpViewController.swift */ = {isa = PBXFileReference; fileEncoding = 4; lastKnownFileType = sourcecode.swift; path = SignUpViewController.swift; sourceTree = "<group>"; };
		99B38BE42436A40D00C96AEF /* GoogleService-Info.plist */ = {isa = PBXFileReference; fileEncoding = 4; lastKnownFileType = text.plist.xml; path = "GoogleService-Info.plist"; sourceTree = "<group>"; };
		C2E3D8D6350B4EDCCED6A85E /* Pods-NormsHelpingHands.release.xcconfig */ = {isa = PBXFileReference; includeInIndex = 1; lastKnownFileType = text.xcconfig; name = "Pods-NormsHelpingHands.release.xcconfig"; path = "Target Support Files/Pods-NormsHelpingHands/Pods-NormsHelpingHands.release.xcconfig"; sourceTree = "<group>"; };
		D678D79D01A2B3333BEBD7A8 /* Pods_NormsHelpingHands.framework */ = {isa = PBXFileReference; explicitFileType = wrapper.framework; includeInIndex = 0; path = Pods_NormsHelpingHands.framework; sourceTree = BUILT_PRODUCTS_DIR; };
/* End PBXFileReference section */

/* Begin PBXFrameworksBuildPhase section */
		87DC30FA23EC6A49005A4138 /* Frameworks */ = {
			isa = PBXFrameworksBuildPhase;
			buildActionMask = 2147483647;
			files = (
				128CEF9D9D9BFD904ABABD1A /* Pods_NormsHelpingHands.framework in Frameworks */,
			);
			runOnlyForDeploymentPostprocessing = 0;
		};
/* End PBXFrameworksBuildPhase section */

/* Begin PBXGroup section */
		52DD6DB96B41AEE4FBD859D4 /* Frameworks */ = {
			isa = PBXGroup;
			children = (
				D678D79D01A2B3333BEBD7A8 /* Pods_NormsHelpingHands.framework */,
			);
			name = Frameworks;
			sourceTree = "<group>";
		};
		87DC30F423EC6A49005A4138 = {
			isa = PBXGroup;
			children = (
				87DC30FF23EC6A49005A4138 /* NormsHelpingHands */,
				87DC30FE23EC6A49005A4138 /* Products */,
				8B2FBB5DFDF0B265EE531B96 /* Pods */,
				52DD6DB96B41AEE4FBD859D4 /* Frameworks */,
			);
			sourceTree = "<group>";
		};
		87DC30FE23EC6A49005A4138 /* Products */ = {
			isa = PBXGroup;
			children = (
				87DC30FD23EC6A49005A4138 /* NormsHelpingHands.app */,
			);
			name = Products;
			sourceTree = "<group>";
		};
		87DC30FF23EC6A49005A4138 /* NormsHelpingHands */ = {
			isa = PBXGroup;
			children = (
				99B38BE42436A40D00C96AEF /* GoogleService-Info.plist */,
				995B72D12436BA5D00B7814C /* Info.plist */,
				87DC310023EC6A49005A4138 /* AppDelegate.swift */,
				87DC310223EC6A49005A4138 /* SceneDelegate.swift */,
				87DC310423EC6A49005A4138 /* ViewController.swift */,
				87DC310623EC6A49005A4138 /* Main.storyboard */,
				87DC310923EC6A4C005A4138 /* Assets.xcassets */,
				87DC310B23EC6A4C005A4138 /* LaunchScreen.storyboard */,
				996A8B1824359C9200F5E343 /* SignUpViewController.swift */,
				996A8B1624359C9200F5E343 /* SignInViewController.swift */,
				996A8B1024359C9100F5E343 /* ExploreViewController.swift */,
				996A8B1124359C9200F5E343 /* CreateEventViewController.swift */,
				996A8B1424359C9200F5E343 /* ProfileViewController.swift */,
				996A8B0F24359C9100F5E343 /* MainTabBarController.swift */,
				996A8B0E24359C9100F5E343 /* PostPageViewController.swift */,
				996A8B0D24359C9100F5E343 /* EventListViewController.swift */,
				996A8B1224359C9200F5E343 /* EventViewCell.swift */,
				996A8B1724359C9200F5E343 /* UserModel.swift */,
				996A8B1524359C9200F5E343 /* MyEventsViewController.swift */,
				996A8B1324359C9200F5E343 /* JoinedEventsViewController.swift */,
				99556103241743A900016425 /* ViewControllers */,
				87C7E278244AB5BE00CD48EB /* LeaderBoardViewController.swift */,
			);
			path = NormsHelpingHands;
			sourceTree = "<group>";
		};
		8B2FBB5DFDF0B265EE531B96 /* Pods */ = {
			isa = PBXGroup;
			children = (
				6E99C9C409C882B8DC96223D /* Pods-NormsHelpingHands.debug.xcconfig */,
				C2E3D8D6350B4EDCCED6A85E /* Pods-NormsHelpingHands.release.xcconfig */,
			);
			path = Pods;
			sourceTree = "<group>";
		};
		99556103241743A900016425 /* ViewControllers */ = {
			isa = PBXGroup;
			children = (
			);
			path = ViewControllers;
			sourceTree = "<group>";
		};
/* End PBXGroup section */

/* Begin PBXNativeTarget section */
		87DC30FC23EC6A49005A4138 /* NormsHelpingHands */ = {
			isa = PBXNativeTarget;
			buildConfigurationList = 87DC311123EC6A4C005A4138 /* Build configuration list for PBXNativeTarget "NormsHelpingHands" */;
			buildPhases = (
				755C80F7F35732FCDF1F1304 /* [CP] Check Pods Manifest.lock */,
				87DC30F923EC6A49005A4138 /* Sources */,
				87DC30FA23EC6A49005A4138 /* Frameworks */,
				87DC30FB23EC6A49005A4138 /* Resources */,
				378F987B2E3BD16603B994C7 /* [CP] Embed Pods Frameworks */,
			);
			buildRules = (
			);
			dependencies = (
			);
			name = NormsHelpingHands;
			productName = NormsHelpingHands;
			productReference = 87DC30FD23EC6A49005A4138 /* NormsHelpingHands.app */;
			productType = "com.apple.product-type.application";
		};
/* End PBXNativeTarget section */

/* Begin PBXProject section */
		87DC30F523EC6A49005A4138 /* Project object */ = {
			isa = PBXProject;
			attributes = {
				LastSwiftUpdateCheck = 1120;
				LastUpgradeCheck = 1120;
				ORGANIZATIONNAME = "Deb Das";
				TargetAttributes = {
					87DC30FC23EC6A49005A4138 = {
						CreatedOnToolsVersion = 11.2.1;
					};
				};
			};
			buildConfigurationList = 87DC30F823EC6A49005A4138 /* Build configuration list for PBXProject "NormsHelpingHands" */;
			compatibilityVersion = "Xcode 9.3";
			developmentRegion = en;
			hasScannedForEncodings = 0;
			knownRegions = (
				en,
				Base,
			);
			mainGroup = 87DC30F423EC6A49005A4138;
			productRefGroup = 87DC30FE23EC6A49005A4138 /* Products */;
			projectDirPath = "";
			projectRoot = "";
			targets = (
				87DC30FC23EC6A49005A4138 /* NormsHelpingHands */,
			);
		};
/* End PBXProject section */

/* Begin PBXResourcesBuildPhase section */
		87DC30FB23EC6A49005A4138 /* Resources */ = {
			isa = PBXResourcesBuildPhase;
			buildActionMask = 2147483647;
			files = (
				87DC310D23EC6A4C005A4138 /* LaunchScreen.storyboard in Resources */,
				99B38BE52436A40D00C96AEF /* GoogleService-Info.plist in Resources */,
				87DC310A23EC6A4C005A4138 /* Assets.xcassets in Resources */,
				87DC310823EC6A49005A4138 /* Main.storyboard in Resources */,
			);
			runOnlyForDeploymentPostprocessing = 0;
		};
/* End PBXResourcesBuildPhase section */

/* Begin PBXShellScriptBuildPhase section */
		378F987B2E3BD16603B994C7 /* [CP] Embed Pods Frameworks */ = {
			isa = PBXShellScriptBuildPhase;
			buildActionMask = 2147483647;
			files = (
			);
			inputFileListPaths = (
				"${PODS_ROOT}/Target Support Files/Pods-NormsHelpingHands/Pods-NormsHelpingHands-frameworks-${CONFIGURATION}-input-files.xcfilelist",
			);
			name = "[CP] Embed Pods Frameworks";
			outputFileListPaths = (
				"${PODS_ROOT}/Target Support Files/Pods-NormsHelpingHands/Pods-NormsHelpingHands-frameworks-${CONFIGURATION}-output-files.xcfilelist",
			);
			runOnlyForDeploymentPostprocessing = 0;
			shellPath = /bin/sh;
			shellScript = "\"${PODS_ROOT}/Target Support Files/Pods-NormsHelpingHands/Pods-NormsHelpingHands-frameworks.sh\"\n";
			showEnvVarsInLog = 0;
		};
		755C80F7F35732FCDF1F1304 /* [CP] Check Pods Manifest.lock */ = {
			isa = PBXShellScriptBuildPhase;
			buildActionMask = 2147483647;
			files = (
			);
			inputFileListPaths = (
			);
			inputPaths = (
				"${PODS_PODFILE_DIR_PATH}/Podfile.lock",
				"${PODS_ROOT}/Manifest.lock",
			);
			name = "[CP] Check Pods Manifest.lock";
			outputFileListPaths = (
			);
			outputPaths = (
				"$(DERIVED_FILE_DIR)/Pods-NormsHelpingHands-checkManifestLockResult.txt",
			);
			runOnlyForDeploymentPostprocessing = 0;
			shellPath = /bin/sh;
			shellScript = "diff \"${PODS_PODFILE_DIR_PATH}/Podfile.lock\" \"${PODS_ROOT}/Manifest.lock\" > /dev/null\nif [ $? != 0 ] ; then\n    # print error to STDERR\n    echo \"error: The sandbox is not in sync with the Podfile.lock. Run 'pod install' or update your CocoaPods installation.\" >&2\n    exit 1\nfi\n# This output is used by Xcode 'outputs' to avoid re-running this script phase.\necho \"SUCCESS\" > \"${SCRIPT_OUTPUT_FILE_0}\"\n";
			showEnvVarsInLog = 0;
		};
/* End PBXShellScriptBuildPhase section */

/* Begin PBXSourcesBuildPhase section */
		87DC30F923EC6A49005A4138 /* Sources */ = {
			isa = PBXSourcesBuildPhase;
			buildActionMask = 2147483647;
			files = (
				99B38BD62436907600C96AEF /* AppDelegate.swift in Sources */,
				99B38BD72436907600C96AEF /* SceneDelegate.swift in Sources */,
				99B38BD82436907600C96AEF /* ViewController.swift in Sources */,
				99B38BCA2436906E00C96AEF /* SignUpViewController.swift in Sources */,
				99B38BCB2436906E00C96AEF /* SignInViewController.swift in Sources */,
				99B38BCC2436906E00C96AEF /* ExploreViewController.swift in Sources */,
				99B38BCD2436906E00C96AEF /* CreateEventViewController.swift in Sources */,
				99B38BCE2436906E00C96AEF /* ProfileViewController.swift in Sources */,
				99B38BCF2436906E00C96AEF /* MainTabBarController.swift in Sources */,
				99B38BD02436906E00C96AEF /* PostPageViewController.swift in Sources */,
				99B38BD12436906E00C96AEF /* EventListViewController.swift in Sources */,
				99B38BD22436906E00C96AEF /* EventViewCell.swift in Sources */,
				99B38BD32436906E00C96AEF /* UserModel.swift in Sources */,
				99B38BD42436906E00C96AEF /* MyEventsViewController.swift in Sources */,
				87C7E279244AB5BE00CD48EB /* LeaderBoardViewController.swift in Sources */,
				99B38BD52436906E00C96AEF /* JoinedEventsViewController.swift in Sources */,
			);
			runOnlyForDeploymentPostprocessing = 0;
		};
/* End PBXSourcesBuildPhase section */

/* Begin PBXVariantGroup section */
		87DC310623EC6A49005A4138 /* Main.storyboard */ = {
			isa = PBXVariantGroup;
			children = (
				87DC310723EC6A49005A4138 /* Base */,
			);
			name = Main.storyboard;
			sourceTree = "<group>";
		};
		87DC310B23EC6A4C005A4138 /* LaunchScreen.storyboard */ = {
			isa = PBXVariantGroup;
			children = (
				87DC310C23EC6A4C005A4138 /* Base */,
			);
			name = LaunchScreen.storyboard;
			sourceTree = "<group>";
		};
/* End PBXVariantGroup section */

/* Begin XCBuildConfiguration section */
		87DC310F23EC6A4C005A4138 /* Debug */ = {
			isa = XCBuildConfiguration;
			buildSettings = {
				ALWAYS_SEARCH_USER_PATHS = NO;
				CLANG_ANALYZER_NONNULL = YES;
				CLANG_ANALYZER_NUMBER_OBJECT_CONVERSION = YES_AGGRESSIVE;
				CLANG_CXX_LANGUAGE_STANDARD = "gnu++14";
				CLANG_CXX_LIBRARY = "libc++";
				CLANG_ENABLE_MODULES = YES;
				CLANG_ENABLE_OBJC_ARC = YES;
				CLANG_ENABLE_OBJC_WEAK = YES;
				CLANG_WARN_BLOCK_CAPTURE_AUTORELEASING = YES;
				CLANG_WARN_BOOL_CONVERSION = YES;
				CLANG_WARN_COMMA = YES;
				CLANG_WARN_CONSTANT_CONVERSION = YES;
				CLANG_WARN_DEPRECATED_OBJC_IMPLEMENTATIONS = YES;
				CLANG_WARN_DIRECT_OBJC_ISA_USAGE = YES_ERROR;
				CLANG_WARN_DOCUMENTATION_COMMENTS = YES;
				CLANG_WARN_EMPTY_BODY = YES;
				CLANG_WARN_ENUM_CONVERSION = YES;
				CLANG_WARN_INFINITE_RECURSION = YES;
				CLANG_WARN_INT_CONVERSION = YES;
				CLANG_WARN_NON_LITERAL_NULL_CONVERSION = YES;
				CLANG_WARN_OBJC_IMPLICIT_RETAIN_SELF = YES;
				CLANG_WARN_OBJC_LITERAL_CONVERSION = YES;
				CLANG_WARN_OBJC_ROOT_CLASS = YES_ERROR;
				CLANG_WARN_RANGE_LOOP_ANALYSIS = YES;
				CLANG_WARN_STRICT_PROTOTYPES = YES;
				CLANG_WARN_SUSPICIOUS_MOVE = YES;
				CLANG_WARN_UNGUARDED_AVAILABILITY = YES_AGGRESSIVE;
				CLANG_WARN_UNREACHABLE_CODE = YES;
				CLANG_WARN__DUPLICATE_METHOD_MATCH = YES;
				COPY_PHASE_STRIP = NO;
				DEBUG_INFORMATION_FORMAT = dwarf;
				ENABLE_STRICT_OBJC_MSGSEND = YES;
				ENABLE_TESTABILITY = YES;
				GCC_C_LANGUAGE_STANDARD = gnu11;
				GCC_DYNAMIC_NO_PIC = NO;
				GCC_NO_COMMON_BLOCKS = YES;
				GCC_OPTIMIZATION_LEVEL = 0;
				GCC_PREPROCESSOR_DEFINITIONS = (
					"DEBUG=1",
					"$(inherited)",
				);
				GCC_WARN_64_TO_32_BIT_CONVERSION = YES;
				GCC_WARN_ABOUT_RETURN_TYPE = YES_ERROR;
				GCC_WARN_UNDECLARED_SELECTOR = YES;
				GCC_WARN_UNINITIALIZED_AUTOS = YES_AGGRESSIVE;
				GCC_WARN_UNUSED_FUNCTION = YES;
				GCC_WARN_UNUSED_VARIABLE = YES;
				IPHONEOS_DEPLOYMENT_TARGET = 13.2;
				MTL_ENABLE_DEBUG_INFO = INCLUDE_SOURCE;
				MTL_FAST_MATH = YES;
				ONLY_ACTIVE_ARCH = YES;
				SDKROOT = iphoneos;
				SWIFT_ACTIVE_COMPILATION_CONDITIONS = DEBUG;
				SWIFT_OPTIMIZATION_LEVEL = "-Onone";
			};
			name = Debug;
		};
		87DC311023EC6A4C005A4138 /* Release */ = {
			isa = XCBuildConfiguration;
			buildSettings = {
				ALWAYS_SEARCH_USER_PATHS = NO;
				CLANG_ANALYZER_NONNULL = YES;
				CLANG_ANALYZER_NUMBER_OBJECT_CONVERSION = YES_AGGRESSIVE;
				CLANG_CXX_LANGUAGE_STANDARD = "gnu++14";
				CLANG_CXX_LIBRARY = "libc++";
				CLANG_ENABLE_MODULES = YES;
				CLANG_ENABLE_OBJC_ARC = YES;
				CLANG_ENABLE_OBJC_WEAK = YES;
				CLANG_WARN_BLOCK_CAPTURE_AUTORELEASING = YES;
				CLANG_WARN_BOOL_CONVERSION = YES;
				CLANG_WARN_COMMA = YES;
				CLANG_WARN_CONSTANT_CONVERSION = YES;
				CLANG_WARN_DEPRECATED_OBJC_IMPLEMENTATIONS = YES;
				CLANG_WARN_DIRECT_OBJC_ISA_USAGE = YES_ERROR;
				CLANG_WARN_DOCUMENTATION_COMMENTS = YES;
				CLANG_WARN_EMPTY_BODY = YES;
				CLANG_WARN_ENUM_CONVERSION = YES;
				CLANG_WARN_INFINITE_RECURSION = YES;
				CLANG_WARN_INT_CONVERSION = YES;
				CLANG_WARN_NON_LITERAL_NULL_CONVERSION = YES;
				CLANG_WARN_OBJC_IMPLICIT_RETAIN_SELF = YES;
				CLANG_WARN_OBJC_LITERAL_CONVERSION = YES;
				CLANG_WARN_OBJC_ROOT_CLASS = YES_ERROR;
				CLANG_WARN_RANGE_LOOP_ANALYSIS = YES;
				CLANG_WARN_STRICT_PROTOTYPES = YES;
				CLANG_WARN_SUSPICIOUS_MOVE = YES;
				CLANG_WARN_UNGUARDED_AVAILABILITY = YES_AGGRESSIVE;
				CLANG_WARN_UNREACHABLE_CODE = YES;
				CLANG_WARN__DUPLICATE_METHOD_MATCH = YES;
				COPY_PHASE_STRIP = NO;
				DEBUG_INFORMATION_FORMAT = "dwarf-with-dsym";
				ENABLE_NS_ASSERTIONS = NO;
				ENABLE_STRICT_OBJC_MSGSEND = YES;
				GCC_C_LANGUAGE_STANDARD = gnu11;
				GCC_NO_COMMON_BLOCKS = YES;
				GCC_WARN_64_TO_32_BIT_CONVERSION = YES;
				GCC_WARN_ABOUT_RETURN_TYPE = YES_ERROR;
				GCC_WARN_UNDECLARED_SELECTOR = YES;
				GCC_WARN_UNINITIALIZED_AUTOS = YES_AGGRESSIVE;
				GCC_WARN_UNUSED_FUNCTION = YES;
				GCC_WARN_UNUSED_VARIABLE = YES;
				IPHONEOS_DEPLOYMENT_TARGET = 13.2;
				MTL_ENABLE_DEBUG_INFO = NO;
				MTL_FAST_MATH = YES;
				SDKROOT = iphoneos;
				SWIFT_COMPILATION_MODE = wholemodule;
				SWIFT_OPTIMIZATION_LEVEL = "-O";
				VALIDATE_PRODUCT = YES;
			};
			name = Release;
		};
		87DC311223EC6A4C005A4138 /* Debug */ = {
			isa = XCBuildConfiguration;
			baseConfigurationReference = 6E99C9C409C882B8DC96223D /* Pods-NormsHelpingHands.debug.xcconfig */;
			buildSettings = {
				ASSETCATALOG_COMPILER_APPICON_NAME = AppIcon;
				CODE_SIGN_STYLE = Automatic;
				DEVELOPMENT_TEAM = Z7WDJ46XHB;
				INFOPLIST_FILE = NormsHelpingHands/Info.plist;
				LD_RUNPATH_SEARCH_PATHS = (
					"$(inherited)",
					"@executable_path/Frameworks",
				);
				PRODUCT_BUNDLE_IDENTIFIER = UNCC.NormsHelpingHands;
				PRODUCT_NAME = "$(TARGET_NAME)";
				SWIFT_VERSION = 5.0;
				TARGETED_DEVICE_FAMILY = "1,2";
			};
			name = Debug;
		};
		87DC311323EC6A4C005A4138 /* Release */ = {
			isa = XCBuildConfiguration;
			baseConfigurationReference = C2E3D8D6350B4EDCCED6A85E /* Pods-NormsHelpingHands.release.xcconfig */;
			buildSettings = {
				ASSETCATALOG_COMPILER_APPICON_NAME = AppIcon;
				CODE_SIGN_STYLE = Automatic;
				DEVELOPMENT_TEAM = Z7WDJ46XHB;
				INFOPLIST_FILE = NormsHelpingHands/Info.plist;
				LD_RUNPATH_SEARCH_PATHS = (
					"$(inherited)",
					"@executable_path/Frameworks",
				);
				PRODUCT_BUNDLE_IDENTIFIER = UNCC.NormsHelpingHands;
				PRODUCT_NAME = "$(TARGET_NAME)";
				SWIFT_VERSION = 5.0;
				TARGETED_DEVICE_FAMILY = "1,2";
			};
			name = Release;
		};
/* End XCBuildConfiguration section */

/* Begin XCConfigurationList section */
		87DC30F823EC6A49005A4138 /* Build configuration list for PBXProject "NormsHelpingHands" */ = {
			isa = XCConfigurationList;
			buildConfigurations = (
				87DC310F23EC6A4C005A4138 /* Debug */,
				87DC311023EC6A4C005A4138 /* Release */,
			);
			defaultConfigurationIsVisible = 0;
			defaultConfigurationName = Release;
		};
		87DC311123EC6A4C005A4138 /* Build configuration list for PBXNativeTarget "NormsHelpingHands" */ = {
			isa = XCConfigurationList;
			buildConfigurations = (
				87DC311223EC6A4C005A4138 /* Debug */,
				87DC311323EC6A4C005A4138 /* Release */,
			);
			defaultConfigurationIsVisible = 0;
			defaultConfigurationName = Release;
		};
/* End XCConfigurationList section */
	};
	rootObject = 87DC30F523EC6A49005A4138 /* Project object */;
}
